
Microsoft Visual Studio Solution File, Format Version 12.00
# Visual Studio Version 17
VisualStudioVersion = 17.0.31919.166
MinimumVisualStudioVersion = 10.0.40219.1
Project("{8BC9CEB8-8B4A-11D0-8D11-00A0C91BC942}") = "Arrays_basic", "Arrays_basic\Arrays_basic.vcxproj", "{9ED65E48-5128-4053-8AF2-37EFEFFDEB63}"
EndProject
Global
	GlobalSection(SolutionConfigurationPlatforms) = preSolution
		Debug|x64 = Debug|x64
		Debug|x86 = Debug|x86
		Release|x64 = Release|x64
		Release|x86 = Release|x86
	EndGlobalSection
	GlobalSection(ProjectConfigurationPlatforms) = postSolution
		{9ED65E48-5128-4053-8AF2-37EFEFFDEB63}.Debug|x64.ActiveCfg = Debug|x64
		{9ED65E48-5128-4053-8AF2-37EFEFFDEB63}.Debug|x64.Build.0 = Debug|x64
		{9ED65E48-5128-4053-8AF2-37EFEFFDEB63}.Debug|x86.ActiveCfg = Debug|Win32
		{9ED65E48-5128-4053-8AF2-37EFEFFDEB63}.Debug|x86.Build.0 = Debug|Win32
		{9ED65E48-5128-4053-8AF2-37EFEFFDEB63}.Release|x64.ActiveCfg = Release|x64
		{9ED65E48-5128-4053-8AF2-37EFEFFDEB63}.Release|x64.Build.0 = Release|x64
		{9ED65E48-5128-4053-8AF2-37EFEFFDEB63}.Release|x86.ActiveCfg = Release|Win32
		{9ED65E48-5128-4053-8AF2-37EFEFFDEB63}.Release|x86.Build.0 = Release|Win32
	EndGlobalSection
	GlobalSection(SolutionProperties) = preSolution
		HideSolutionNode = FALSE
	EndGlobalSection
	GlobalSection(ExtensibilityGlobals) = postSolution
		SolutionGuid = {2B38A9A7-C6E8-4E65-A2C4-E3366CD9E999}
	EndGlobalSection
EndGlobal
